// !$*UTF8*$!
{
	archiveVersion = 1;
	classes = {
	};
	objectVersion = 50;
	objects = {

/* Begin PBXBuildFile section */
		243C76B9C933F7EE67A28DF0 /* libPods-CommonPods-UISearchControllerDemo.a in Frameworks */ = {isa = PBXBuildFile; fileRef = CE71341C3AF8760E2EEB6B50 /* libPods-CommonPods-UISearchControllerDemo.a */; };
		9908388B2180B5F700698775 /* ZHYUserJobListViewController.m in Sources */ = {isa = PBXBuildFile; fileRef = 9908388A2180B5F700698775 /* ZHYUserJobListViewController.m */; };
		997BABC32180B3FA0033682A /* AppDelegate.m in Sources */ = {isa = PBXBuildFile; fileRef = 997BABC22180B3FA0033682A /* AppDelegate.m */; };
		997BABC92180B3FA0033682A /* Main.storyboard in Resources */ = {isa = PBXBuildFile; fileRef = 997BABC72180B3FA0033682A /* Main.storyboard */; };
		997BABCB2180B3FC0033682A /* Assets.xcassets in Resources */ = {isa = PBXBuildFile; fileRef = 997BABCA2180B3FC0033682A /* Assets.xcassets */; };
		997BABCE2180B3FC0033682A /* LaunchScreen.storyboard in Resources */ = {isa = PBXBuildFile; fileRef = 997BABCC2180B3FC0033682A /* LaunchScreen.storyboard */; };
		997BABD12180B3FC0033682A /* main.m in Sources */ = {isa = PBXBuildFile; fileRef = 997BABD02180B3FC0033682A /* main.m */; };
/* End PBXBuildFile section */

/* Begin PBXFileReference section */
		7909D50DD6E814A169CE432D /* Pods-CommonPods-UISearchControllerDemo.release.xcconfig */ = {isa = PBXFileReference; includeInIndex = 1; lastKnownFileType = text.xcconfig; name = "Pods-CommonPods-UISearchControllerDemo.release.xcconfig"; path = "Pods/Target Support Files/Pods-CommonPods-UISearchControllerDemo/Pods-CommonPods-UISearchControllerDemo.release.xcconfig"; sourceTree = "<group>"; };
		990838892180B5F700698775 /* ZHYUserJobListViewController.h */ = {isa = PBXFileReference; fileEncoding = 4; lastKnownFileType = sourcecode.c.h; path = ZHYUserJobListViewController.h; sourceTree = "<group>"; };
		9908388A2180B5F700698775 /* ZHYUserJobListViewController.m */ = {isa = PBXFileReference; fileEncoding = 4; lastKnownFileType = sourcecode.c.objc; path = ZHYUserJobListViewController.m; sourceTree = "<group>"; };
		997BABBE2180B3FA0033682A /* UISearchControllerDemo.app */ = {isa = PBXFileReference; explicitFileType = wrapper.application; includeInIndex = 0; path = UISearchControllerDemo.app; sourceTree = BUILT_PRODUCTS_DIR; };
		997BABC12180B3FA0033682A /* AppDelegate.h */ = {isa = PBXFileReference; lastKnownFileType = sourcecode.c.h; path = AppDelegate.h; sourceTree = "<group>"; };
		997BABC22180B3FA0033682A /* AppDelegate.m */ = {isa = PBXFileReference; lastKnownFileType = sourcecode.c.objc; path = AppDelegate.m; sourceTree = "<group>"; };
		997BABC82180B3FA0033682A /* Base */ = {isa = PBXFileReference; lastKnownFileType = file.storyboard; name = Base; path = Base.lproj/Main.storyboard; sourceTree = "<group>"; };
		997BABCA2180B3FC0033682A /* Assets.xcassets */ = {isa = PBXFileReference; lastKnownFileType = folder.assetcatalog; path = Assets.xcassets; sourceTree = "<group>"; };
		997BABCD2180B3FC0033682A /* Base */ = {isa = PBXFileReference; lastKnownFileType = file.storyboard; name = Base; path = Base.lproj/LaunchScreen.storyboard; sourceTree = "<group>"; };
		997BABCF2180B3FC0033682A /* Info.plist */ = {isa = PBXFileReference; lastKnownFileType = text.plist.xml; path = Info.plist; sourceTree = "<group>"; };
		997BABD02180B3FC0033682A /* main.m */ = {isa = PBXFileReference; lastKnownFileType = sourcecode.c.objc; path = main.m; sourceTree = "<group>"; };
		CAC7FFC5FBC5DFD5CF15B328 /* Pods-CommonPods-UISearchControllerDemo.debug.xcconfig */ = {isa = PBXFileReference; includeInIndex = 1; lastKnownFileType = text.xcconfig; name = "Pods-CommonPods-UISearchControllerDemo.debug.xcconfig"; path = "Pods/Target Support Files/Pods-CommonPods-UISearchControllerDemo/Pods-CommonPods-UISearchControllerDemo.debug.xcconfig"; sourceTree = "<group>"; };
		CE71341C3AF8760E2EEB6B50 /* libPods-CommonPods-UISearchControllerDemo.a */ = {isa = PBXFileReference; explicitFileType = archive.ar; includeInIndex = 0; path = "libPods-CommonPods-UISearchControllerDemo.a"; sourceTree = BUILT_PRODUCTS_DIR; };
/* End PBXFileReference section */

/* Begin PBXFrameworksBuildPhase section */
		997BABBB2180B3FA0033682A /* Frameworks */ = {
			isa = PBXFrameworksBuildPhase;
			buildActionMask = 2147483647;
			files = (
				243C76B9C933F7EE67A28DF0 /* libPods-CommonPods-UISearchControllerDemo.a in Frameworks */,
			);
			runOnlyForDeploymentPostprocessing = 0;
		};
/* End PBXFrameworksBuildPhase section */

/* Begin PBXGroup section */
		0BF86F7ED4266B13C0B79CBC /* Frameworks */ = {
			isa = PBXGroup;
			children = (
				CE71341C3AF8760E2EEB6B50 /* libPods-CommonPods-UISearchControllerDemo.a */,
			);
			name = Frameworks;
			sourceTree = "<group>";
		};
		997BABB52180B3FA0033682A = {
			isa = PBXGroup;
			children = (
				997BABC02180B3FA0033682A /* UISearchControllerDemo */,
				997BABBF2180B3FA0033682A /* Products */,
				CD89DE4026E13CAB23EE489D /* Pods */,
				0BF86F7ED4266B13C0B79CBC /* Frameworks */,
			);
			sourceTree = "<group>";
		};
		997BABBF2180B3FA0033682A /* Products */ = {
			isa = PBXGroup;
			children = (
				997BABBE2180B3FA0033682A /* UISearchControllerDemo.app */,
			);
			name = Products;
			sourceTree = "<group>";
		};
		997BABC02180B3FA0033682A /* UISearchControllerDemo */ = {
			isa = PBXGroup;
			children = (
				997BABC12180B3FA0033682A /* AppDelegate.h */,
				997BABC22180B3FA0033682A /* AppDelegate.m */,
				990838892180B5F700698775 /* ZHYUserJobListViewController.h */,
				9908388A2180B5F700698775 /* ZHYUserJobListViewController.m */,
				997BABC72180B3FA0033682A /* Main.storyboard */,
				997BABCA2180B3FC0033682A /* Assets.xcassets */,
				997BABCC2180B3FC0033682A /* LaunchScreen.storyboard */,
				997BABCF2180B3FC0033682A /* Info.plist */,
				997BABD02180B3FC0033682A /* main.m */,
			);
			path = UISearchControllerDemo;
			sourceTree = "<group>";
		};
		CD89DE4026E13CAB23EE489D /* Pods */ = {
			isa = PBXGroup;
			children = (
				CAC7FFC5FBC5DFD5CF15B328 /* Pods-CommonPods-UISearchControllerDemo.debug.xcconfig */,
				7909D50DD6E814A169CE432D /* Pods-CommonPods-UISearchControllerDemo.release.xcconfig */,
			);
			name = Pods;
			sourceTree = "<group>";
		};
/* End PBXGroup section */

/* Begin PBXNativeTarget section */
		997BABBD2180B3FA0033682A /* UISearchControllerDemo */ = {
			isa = PBXNativeTarget;
			buildConfigurationList = 997BABD42180B3FC0033682A /* Build configuration list for PBXNativeTarget "UISearchControllerDemo" */;
			buildPhases = (
				C2381A072FDF82DAEA235C1D /* [CP] Check Pods Manifest.lock */,
				997BABBA2180B3FA0033682A /* Sources */,
				997BABBB2180B3FA0033682A /* Frameworks */,
				997BABBC2180B3FA0033682A /* Resources */,
				679881AE44603C1171900A8A /* [CP] Copy Pods Resources */,
			);
			buildRules = (
			);
			dependencies = (
			);
			name = UISearchControllerDemo;
			productName = UISearchControllerDemo;
			productReference = 997BABBE2180B3FA0033682A /* UISearchControllerDemo.app */;
			productType = "com.apple.product-type.application";
		};
/* End PBXNativeTarget section */

/* Begin PBXProject section */
		997BABB62180B3FA0033682A /* Project object */ = {
			isa = PBXProject;
			attributes = {
				LastUpgradeCheck = 1000;
				ORGANIZATIONNAME = zhy;
				TargetAttributes = {
					997BABBD2180B3FA0033682A = {
						CreatedOnToolsVersion = 10.0;
					};
				};
			};
			buildConfigurationList = 997BABB92180B3FA0033682A /* Build configuration list for PBXProject "UISearchControllerDemo" */;
			compatibilityVersion = "Xcode 9.3";
			developmentRegion = en;
			hasScannedForEncodings = 0;
			knownRegions = (
				en,
				Base,
			);
			mainGroup = 997BABB52180B3FA0033682A;
			productRefGroup = 997BABBF2180B3FA0033682A /* Products */;
			projectDirPath = "";
			projectRoot = "";
			targets = (
				997BABBD2180B3FA0033682A /* UISearchControllerDemo */,
			);
		};
/* End PBXProject section */

/* Begin PBXResourcesBuildPhase section */
		997BABBC2180B3FA0033682A /* Resources */ = {
			isa = PBXResourcesBuildPhase;
			buildActionMask = 2147483647;
			files = (
				997BABCE2180B3FC0033682A /* LaunchScreen.storyboard in Resources */,
				997BABCB2180B3FC0033682A /* Assets.xcassets in Resources */,
				997BABC92180B3FA0033682A /* Main.storyboard in Resources */,
			);
			runOnlyForDeploymentPostprocessing = 0;
		};
/* End PBXResourcesBuildPhase section */

/* Begin PBXShellScriptBuildPhase section */
		679881AE44603C1171900A8A /* [CP] Copy Pods Resources */ = {
			isa = PBXShellScriptBuildPhase;
			buildActionMask = 2147483647;
			files = (
			);
			inputPaths = (
				"${SRCROOT}/Pods/Target Support Files/Pods-CommonPods-UISearchControllerDemo/Pods-CommonPods-UISearchControllerDemo-resources.sh",
				"${PODS_ROOT}/MJRefresh/MJRefresh/MJRefresh.bundle",
			);
			name = "[CP] Copy Pods Resources";
			outputPaths = (
				"${TARGET_BUILD_DIR}/${UNLOCALIZED_RESOURCES_FOLDER_PATH}/MJRefresh.bundle",
			);
			runOnlyForDeploymentPostprocessing = 0;
			shellPath = /bin/sh;
			shellScript = "\"${SRCROOT}/Pods/Target Support Files/Pods-CommonPods-UISearchControllerDemo/Pods-CommonPods-UISearchControllerDemo-resources.sh\"\n";
			showEnvVarsInLog = 0;
		};
		C2381A072FDF82DAEA235C1D /* [CP] Check Pods Manifest.lock */ = {
			isa = PBXShellScriptBuildPhase;
			buildActionMask = 2147483647;
			files = (
			);
			inputPaths = (
				"${PODS_PODFILE_DIR_PATH}/Podfile.lock",
				"${PODS_ROOT}/Manifest.lock",
			);
			name = "[CP] Check Pods Manifest.lock";
			outputPaths = (
				"$(DERIVED_FILE_DIR)/Pods-CommonPods-UISearchControllerDemo-checkManifestLockResult.txt",
			);
			runOnlyForDeploymentPostprocessing = 0;
			shellPath = /bin/sh;
			shellScript = "diff \"${PODS_PODFILE_DIR_PATH}/Podfile.lock\" \"${PODS_ROOT}/Manifest.lock\" > /dev/null\nif [ $? != 0 ] ; then\n    # print error to STDERR\n    echo \"error: The sandbox is not in sync with the Podfile.lock. Run 'pod install' or update your CocoaPods installation.\" >&2\n    exit 1\nfi\n# This output is used by Xcode 'outputs' to avoid re-running this script phase.\necho \"SUCCESS\" > \"${SCRIPT_OUTPUT_FILE_0}\"\n";
			showEnvVarsInLog = 0;
		};
/* End PBXShellScriptBuildPhase section */

/* Begin PBXSourcesBuildPhase section */
		997BABBA2180B3FA0033682A /* Sources */ = {
			isa = PBXSourcesBuildPhase;
			buildActionMask = 2147483647;
			files = (
				997BABD12180B3FC0033682A /* main.m in Sources */,
				9908388B2180B5F700698775 /* ZHYUserJobListViewController.m in Sources */,
				997BABC32180B3FA0033682A /* AppDelegate.m in Sources */,
			);
			runOnlyForDeploymentPostprocessing = 0;
		};
/* End PBXSourcesBuildPhase section */

/* Begin PBXVariantGroup section */
		997BABC72180B3FA0033682A /* Main.storyboard */ = {
			isa = PBXVariantGroup;
			children = (
				997BABC82180B3FA0033682A /* Base */,
			);
			name = Main.storyboard;
			sourceTree = "<group>";
		};
		997BABCC2180B3FC0033682A /* LaunchScreen.storyboard */ = {
			isa = PBXVariantGroup;
			children = (
				997BABCD2180B3FC0033682A /* Base */,
			);
			name = LaunchScreen.storyboard;
			sourceTree = "<group>";
		};
/* End PBXVariantGroup section */

/* Begin XCBuildConfiguration section */
		997BABD22180B3FC0033682A /* Debug */ = {
			isa = XCBuildConfiguration;
			buildSettings = {
				ALWAYS_SEARCH_USER_PATHS = NO;
				CLANG_ANALYZER_NONNULL = YES;
				CLANG_ANALYZER_NUMBER_OBJECT_CONVERSION = YES_AGGRESSIVE;
				CLANG_CXX_LANGUAGE_STANDARD = "gnu++14";
				CLANG_CXX_LIBRARY = "libc++";
				CLANG_ENABLE_MODULES = YES;
				CLANG_ENABLE_OBJC_ARC = YES;
				CLANG_ENABLE_OBJC_WEAK = YES;
				CLANG_WARN_BLOCK_CAPTURE_AUTORELEASING = YES;
				CLANG_WARN_BOOL_CONVERSION = YES;
				CLANG_WARN_COMMA = YES;
				CLANG_WARN_CONSTANT_CONVERSION = YES;
				CLANG_WARN_DEPRECATED_OBJC_IMPLEMENTATIONS = YES;
				CLANG_WARN_DIRECT_OBJC_ISA_USAGE = YES_ERROR;
				CLANG_WARN_DOCUMENTATION_COMMENTS = YES;
				CLANG_WARN_EMPTY_BODY = YES;
				CLANG_WARN_ENUM_CONVERSION = YES;
				CLANG_WARN_INFINITE_RECURSION = YES;
				CLANG_WARN_INT_CONVERSION = YES;
				CLANG_WARN_NON_LITERAL_NULL_CONVERSION = YES;
				CLANG_WARN_OBJC_IMPLICIT_RETAIN_SELF = YES;
				CLANG_WARN_OBJC_LITERAL_CONVERSION = YES;
				CLANG_WARN_OBJC_ROOT_CLASS = YES_ERROR;
				CLANG_WARN_RANGE_LOOP_ANALYSIS = YES;
				CLANG_WARN_STRICT_PROTOTYPES = YES;
				CLANG_WARN_SUSPICIOUS_MOVE = YES;
				CLANG_WARN_UNGUARDED_AVAILABILITY = YES_AGGRESSIVE;
				CLANG_WARN_UNREACHABLE_CODE = YES;
				CLANG_WARN__DUPLICATE_METHOD_MATCH = YES;
				CODE_SIGN_IDENTITY = "iPhone Developer";
				COPY_PHASE_STRIP = NO;
				DEBUG_INFORMATION_FORMAT = dwarf;
				ENABLE_STRICT_OBJC_MSGSEND = YES;
				ENABLE_TESTABILITY = YES;
				GCC_C_LANGUAGE_STANDARD = gnu11;
				GCC_DYNAMIC_NO_PIC = NO;
				GCC_NO_COMMON_BLOCKS = YES;
				GCC_OPTIMIZATION_LEVEL = 0;
				GCC_PREPROCESSOR_DEFINITIONS = (
					"DEBUG=1",
					"$(inherited)",
				);
				GCC_WARN_64_TO_32_BIT_CONVERSION = YES;
				GCC_WARN_ABOUT_RETURN_TYPE = YES_ERROR;
				GCC_WARN_UNDECLARED_SELECTOR = YES;
				GCC_WARN_UNINITIALIZED_AUTOS = YES_AGGRESSIVE;
				GCC_WARN_UNUSED_FUNCTION = YES;
				GCC_WARN_UNUSED_VARIABLE = YES;
				IPHONEOS_DEPLOYMENT_TARGET = 8.0;
				MTL_ENABLE_DEBUG_INFO = INCLUDE_SOURCE;
				MTL_FAST_MATH = YES;
				ONLY_ACTIVE_ARCH = YES;
				SDKROOT = iphoneos;
			};
			name = Debug;
		};
		997BABD32180B3FC0033682A /* Release */ = {
			isa = XCBuildConfiguration;
			buildSettings = {
				ALWAYS_SEARCH_USER_PATHS = NO;
				CLANG_ANALYZER_NONNULL = YES;
				CLANG_ANALYZER_NUMBER_OBJECT_CONVERSION = YES_AGGRESSIVE;
				CLANG_CXX_LANGUAGE_STANDARD = "gnu++14";
				CLANG_CXX_LIBRARY = "libc++";
				CLANG_ENABLE_MODULES = YES;
				CLANG_ENABLE_OBJC_ARC = YES;
				CLANG_ENABLE_OBJC_WEAK = YES;
				CLANG_WARN_BLOCK_CAPTURE_AUTORELEASING = YES;
				CLANG_WARN_BOOL_CONVERSION = YES;
				CLANG_WARN_COMMA = YES;
				CLANG_WARN_CONSTANT_CONVERSION = YES;
				CLANG_WARN_DEPRECATED_OBJC_IMPLEMENTATIONS = YES;
				CLANG_WARN_DIRECT_OBJC_ISA_USAGE = YES_ERROR;
				CLANG_WARN_DOCUMENTATION_COMMENTS = YES;
				CLANG_WARN_EMPTY_BODY = YES;
				CLANG_WARN_ENUM_CONVERSION = YES;
				CLANG_WARN_INFINITE_RECURSION = YES;
				CLANG_WARN_INT_CONVERSION = YES;
				CLANG_WARN_NON_LITERAL_NULL_CONVERSION = YES;
				CLANG_WARN_OBJC_IMPLICIT_RETAIN_SELF = YES;
				CLANG_WARN_OBJC_LITERAL_CONVERSION = YES;
				CLANG_WARN_OBJC_ROOT_CLASS = YES_ERROR;
				CLANG_WARN_RANGE_LOOP_ANALYSIS = YES;
				CLANG_WARN_STRICT_PROTOTYPES = YES;
				CLANG_WARN_SUSPICIOUS_MOVE = YES;
				CLANG_WARN_UNGUARDED_AVAILABILITY = YES_AGGRESSIVE;
				CLANG_WARN_UNREACHABLE_CODE = YES;
				CLANG_WARN__DUPLICATE_METHOD_MATCH = YES;
				CODE_SIGN_IDENTITY = "iPhone Developer";
				COPY_PHASE_STRIP = NO;
				DEBUG_INFORMATION_FORMAT = "dwarf-with-dsym";
				ENABLE_NS_ASSERTIONS = NO;
				ENABLE_STRICT_OBJC_MSGSEND = YES;
				GCC_C_LANGUAGE_STANDARD = gnu11;
				GCC_NO_COMMON_BLOCKS = YES;
				GCC_WARN_64_TO_32_BIT_CONVERSION = YES;
				GCC_WARN_ABOUT_RETURN_TYPE = YES_ERROR;
				GCC_WARN_UNDECLARED_SELECTOR = YES;
				GCC_WARN_UNINITIALIZED_AUTOS = YES_AGGRESSIVE;
				GCC_WARN_UNUSED_FUNCTION = YES;
				GCC_WARN_UNUSED_VARIABLE = YES;
				IPHONEOS_DEPLOYMENT_TARGET = 8.0;
				MTL_ENABLE_DEBUG_INFO = NO;
				MTL_FAST_MATH = YES;
				SDKROOT = iphoneos;
				VALIDATE_PRODUCT = YES;
			};
			name = Release;
		};
		997BABD52180B3FC0033682A /* Debug */ = {
			isa = XCBuildConfiguration;
			baseConfigurationReference = CAC7FFC5FBC5DFD5CF15B328 /* Pods-CommonPods-UISearchControllerDemo.debug.xcconfig */;
			buildSettings = {
				ASSETCATALOG_COMPILER_APPICON_NAME = AppIcon;
				CODE_SIGN_STYLE = Automatic;
				INFOPLIST_FILE = UISearchControllerDemo/Info.plist;
				LD_RUNPATH_SEARCH_PATHS = (
					"$(inherited)",
					"@executable_path/Frameworks",
				);
				PRODUCT_BUNDLE_IDENTIFIER = com.zhy.UISearchControllerDemo;
				PRODUCT_NAME = "$(TARGET_NAME)";
				TARGETED_DEVICE_FAMILY = "1,2";
			};
			name = Debug;
		};
		997BABD62180B3FC0033682A /* Release */ = {
			isa = XCBuildConfiguration;
			baseConfigurationReference = 7909D50DD6E814A169CE432D /* Pods-CommonPods-UISearchControllerDemo.release.xcconfig */;
			buildSettings = {
				ASSETCATALOG_COMPILER_APPICON_NAME = AppIcon;
				CODE_SIGN_STYLE = Automatic;
				INFOPLIST_FILE = UISearchControllerDemo/Info.plist;
				LD_RUNPATH_SEARCH_PATHS = (
					"$(inherited)",
					"@executable_path/Frameworks",
				);
				PRODUCT_BUNDLE_IDENTIFIER = com.zhy.UISearchControllerDemo;
				PRODUCT_NAME = "$(TARGET_NAME)";
				TARGETED_DEVICE_FAMILY = "1,2";
			};
			name = Release;
		};
/* End XCBuildConfiguration section */

/* Begin XCConfigurationList section */
		997BABB92180B3FA0033682A /* Build configuration list for PBXProject "UISearchControllerDemo" */ = {
			isa = XCConfigurationList;
			buildConfigurations = (
				997BABD22180B3FC0033682A /* Debug */,
				997BABD32180B3FC0033682A /* Release */,
			);
			defaultConfigurationIsVisible = 0;
			defaultConfigurationName = Release;
		};
		997BABD42180B3FC0033682A /* Build configuration list for PBXNativeTarget "UISearchControllerDemo" */ = {
			isa = XCConfigurationList;
			buildConfigurations = (
				997BABD52180B3FC0033682A /* Debug */,
				997BABD62180B3FC0033682A /* Release */,
			);
			defaultConfigurationIsVisible = 0;
			defaultConfigurationName = Release;
		};
/* End XCConfigurationList section */
	};
	rootObject = 997BABB62180B3FA0033682A /* Project object */;
}
